
Microsoft Visual Studio Solution File, Format Version 12.00
# Visual Studio 2013
VisualStudioVersion = 12.0.21005.1
MinimumVisualStudioVersion = 10.0.40219.1
Project("{FAE04EC0-301F-11D3-BF4B-00C04F79EFBC}") = "SPP", "SPP\SPP.csproj", "{65047270-4F3F-4FF3-B7BB-CA41725AB874}"
EndProject
Global
	GlobalSection(SolutionConfigurationPlatforms) = preSolution
		Debug|Any CPU = Debug|Any CPU
		Release|Any CPU = Release|Any CPU
	EndGlobalSection
	GlobalSection(ProjectConfigurationPlatforms) = postSolution
		{65047270-4F3F-4FF3-B7BB-CA41725AB874}.Debug|Any CPU.ActiveCfg = Debug|Any CPU
		{65047270-4F3F-4FF3-B7BB-CA41725AB874}.Debug|Any CPU.Build.0 = Debug|Any CPU
		{65047270-4F3F-4FF3-B7BB-CA41725AB874}.Release|Any CPU.ActiveCfg = Release|Any CPU
		{65047270-4F3F-4FF3-B7BB-CA41725AB874}.Release|Any CPU.Build.0 = Release|Any CPU
	EndGlobalSection
	GlobalSection(SolutionProperties) = preSolution
		HideSolutionNode = FALSE
	EndGlobalSection
EndGlobal
